// !$*UTF8*$!
{
	archiveVersion = 1;
	classes = {
	};
	objectVersion = 56;
	objects = {

/* Begin PBXBuildFile section */
		5E1CA9082B8CCA9700FBBAEF /* Spend_SenseApp.swift in Sources */ = {isa = PBXBuildFile; fileRef = 5E1CA9072B8CCA9700FBBAEF /* Spend_SenseApp.swift */; };
		5E1CA90A2B8CCA9700FBBAEF /* ContentView.swift in Sources */ = {isa = PBXBuildFile; fileRef = 5E1CA9092B8CCA9700FBBAEF /* ContentView.swift */; };
		5E1CA90C2B8CCA9800FBBAEF /* Assets.xcassets in Resources */ = {isa = PBXBuildFile; fileRef = 5E1CA90B2B8CCA9800FBBAEF /* Assets.xcassets */; };
		5E1CA90F2B8CCA9800FBBAEF /* Preview Assets.xcassets in Resources */ = {isa = PBXBuildFile; fileRef = 5E1CA90E2B8CCA9800FBBAEF /* Preview Assets.xcassets */; };
		5E1CA9182B8CCBA000FBBAEF /* IntroScreen.swift in Sources */ = {isa = PBXBuildFile; fileRef = 5E1CA9172B8CCBA000FBBAEF /* IntroScreen.swift */; };
		5E1CA91B2B8CCD4E00FBBAEF /* Constants.swift in Sources */ = {isa = PBXBuildFile; fileRef = 5E1CA91A2B8CCD4E00FBBAEF /* Constants.swift */; };
		5E1CA91D2B8CE1C300FBBAEF /* Tab.swift in Sources */ = {isa = PBXBuildFile; fileRef = 5E1CA91C2B8CE1C300FBBAEF /* Tab.swift */; };
/* End PBXBuildFile section */

/* Begin PBXFileReference section */
		5E1CA9042B8CCA9700FBBAEF /* Spend Sense.app */ = {isa = PBXFileReference; explicitFileType = wrapper.application; includeInIndex = 0; path = "Spend Sense.app"; sourceTree = BUILT_PRODUCTS_DIR; };
		5E1CA9072B8CCA9700FBBAEF /* Spend_SenseApp.swift */ = {isa = PBXFileReference; lastKnownFileType = sourcecode.swift; path = Spend_SenseApp.swift; sourceTree = "<group>"; };
		5E1CA9092B8CCA9700FBBAEF /* ContentView.swift */ = {isa = PBXFileReference; lastKnownFileType = sourcecode.swift; path = ContentView.swift; sourceTree = "<group>"; };
		5E1CA90B2B8CCA9800FBBAEF /* Assets.xcassets */ = {isa = PBXFileReference; lastKnownFileType = folder.assetcatalog; path = Assets.xcassets; sourceTree = "<group>"; };
		5E1CA90E2B8CCA9800FBBAEF /* Preview Assets.xcassets */ = {isa = PBXFileReference; lastKnownFileType = folder.assetcatalog; path = "Preview Assets.xcassets"; sourceTree = "<group>"; };
		5E1CA9172B8CCBA000FBBAEF /* IntroScreen.swift */ = {isa = PBXFileReference; lastKnownFileType = sourcecode.swift; path = IntroScreen.swift; sourceTree = "<group>"; };
		5E1CA91A2B8CCD4E00FBBAEF /* Constants.swift */ = {isa = PBXFileReference; lastKnownFileType = sourcecode.swift; path = Constants.swift; sourceTree = "<group>"; };
		5E1CA91C2B8CE1C300FBBAEF /* Tab.swift */ = {isa = PBXFileReference; lastKnownFileType = sourcecode.swift; path = Tab.swift; sourceTree = "<group>"; };
/* End PBXFileReference section */

/* Begin PBXFrameworksBuildPhase section */
		5E1CA9012B8CCA9700FBBAEF /* Frameworks */ = {
			isa = PBXFrameworksBuildPhase;
			buildActionMask = 2147483647;
			files = (
			);
			runOnlyForDeploymentPostprocessing = 0;
		};
/* End PBXFrameworksBuildPhase section */

/* Begin PBXGroup section */
		5E1CA8FB2B8CCA9700FBBAEF = {
			isa = PBXGroup;
			children = (
				5E1CA9062B8CCA9700FBBAEF /* Spend Sense */,
				5E1CA9052B8CCA9700FBBAEF /* Products */,
			);
			sourceTree = "<group>";
		};
		5E1CA9052B8CCA9700FBBAEF /* Products */ = {
			isa = PBXGroup;
			children = (
				5E1CA9042B8CCA9700FBBAEF /* Spend Sense.app */,
			);
			name = Products;
			sourceTree = "<group>";
		};
		5E1CA9062B8CCA9700FBBAEF /* Spend Sense */ = {
			isa = PBXGroup;
			children = (
				5E1CA9192B8CCD3E00FBBAEF /* Helpers */,
				5E1CA9162B8CCB8C00FBBAEF /* Model */,
				5E1CA9152B8CCB8400FBBAEF /* View */,
				5E1CA9072B8CCA9700FBBAEF /* Spend_SenseApp.swift */,
				5E1CA9092B8CCA9700FBBAEF /* ContentView.swift */,
				5E1CA90B2B8CCA9800FBBAEF /* Assets.xcassets */,
				5E1CA90D2B8CCA9800FBBAEF /* Preview Content */,
			);
			path = "Spend Sense";
			sourceTree = "<group>";
		};
		5E1CA90D2B8CCA9800FBBAEF /* Preview Content */ = {
			isa = PBXGroup;
			children = (
				5E1CA90E2B8CCA9800FBBAEF /* Preview Assets.xcassets */,
			);
			path = "Preview Content";
			sourceTree = "<group>";
		};
		5E1CA9152B8CCB8400FBBAEF /* View */ = {
			isa = PBXGroup;
			children = (
				5E1CA9172B8CCBA000FBBAEF /* IntroScreen.swift */,
			);
			path = View;
			sourceTree = "<group>";
		};
		5E1CA9162B8CCB8C00FBBAEF /* Model */ = {
			isa = PBXGroup;
			children = (
				5E1CA91C2B8CE1C300FBBAEF /* Tab.swift */,
			);
			path = Model;
			sourceTree = "<group>";
		};
		5E1CA9192B8CCD3E00FBBAEF /* Helpers */ = {
			isa = PBXGroup;
			children = (
				5E1CA91A2B8CCD4E00FBBAEF /* Constants.swift */,
			);
			path = Helpers;
			sourceTree = "<group>";
		};
/* End PBXGroup section */

/* Begin PBXNativeTarget section */
		5E1CA9032B8CCA9700FBBAEF /* Spend Sense */ = {
			isa = PBXNativeTarget;
			buildConfigurationList = 5E1CA9122B8CCA9800FBBAEF /* Build configuration list for PBXNativeTarget "Spend Sense" */;
			buildPhases = (
				5E1CA9002B8CCA9700FBBAEF /* Sources */,
				5E1CA9012B8CCA9700FBBAEF /* Frameworks */,
				5E1CA9022B8CCA9700FBBAEF /* Resources */,
			);
			buildRules = (
			);
			dependencies = (
			);
			name = "Spend Sense";
			productName = "Spend Sense";
			productReference = 5E1CA9042B8CCA9700FBBAEF /* Spend Sense.app */;
			productType = "com.apple.product-type.application";
		};
/* End PBXNativeTarget section */

/* Begin PBXProject section */
		5E1CA8FC2B8CCA9700FBBAEF /* Project object */ = {
			isa = PBXProject;
			attributes = {
				BuildIndependentTargetsInParallel = 1;
				LastSwiftUpdateCheck = 1520;
				LastUpgradeCheck = 1520;
				TargetAttributes = {
					5E1CA9032B8CCA9700FBBAEF = {
						CreatedOnToolsVersion = 15.2;
					};
				};
			};
			buildConfigurationList = 5E1CA8FF2B8CCA9700FBBAEF /* Build configuration list for PBXProject "Spend Sense" */;
			compatibilityVersion = "Xcode 14.0";
			developmentRegion = en;
			hasScannedForEncodings = 0;
			knownRegions = (
				en,
				Base,
			);
			mainGroup = 5E1CA8FB2B8CCA9700FBBAEF;
			productRefGroup = 5E1CA9052B8CCA9700FBBAEF /* Products */;
			projectDirPath = "";
			projectRoot = "";
			targets = (
				5E1CA9032B8CCA9700FBBAEF /* Spend Sense */,
			);
		};
/* End PBXProject section */

/* Begin PBXResourcesBuildPhase section */
		5E1CA9022B8CCA9700FBBAEF /* Resources */ = {
			isa = PBXResourcesBuildPhase;
			buildActionMask = 2147483647;
			files = (
				5E1CA90F2B8CCA9800FBBAEF /* Preview Assets.xcassets in Resources */,
				5E1CA90C2B8CCA9800FBBAEF /* Assets.xcassets in Resources */,
			);
			runOnlyForDeploymentPostprocessing = 0;
		};
/* End PBXResourcesBuildPhase section */

/* Begin PBXSourcesBuildPhase section */
		5E1CA9002B8CCA9700FBBAEF /* Sources */ = {
			isa = PBXSourcesBuildPhase;
			buildActionMask = 2147483647;
			files = (
				5E1CA90A2B8CCA9700FBBAEF /* ContentView.swift in Sources */,
				5E1CA9182B8CCBA000FBBAEF /* IntroScreen.swift in Sources */,
				5E1CA91D2B8CE1C300FBBAEF /* Tab.swift in Sources */,
				5E1CA91B2B8CCD4E00FBBAEF /* Constants.swift in Sources */,
				5E1CA9082B8CCA9700FBBAEF /* Spend_SenseApp.swift in Sources */,
			);
			runOnlyForDeploymentPostprocessing = 0;
		};
/* End PBXSourcesBuildPhase section */

/* Begin XCBuildConfiguration section */
		5E1CA9102B8CCA9800FBBAEF /* Debug */ = {
			isa = XCBuildConfiguration;
			buildSettings = {
				ALWAYS_SEARCH_USER_PATHS = NO;
				ASSETCATALOG_COMPILER_GENERATE_SWIFT_ASSET_SYMBOL_EXTENSIONS = YES;
				CLANG_ANALYZER_NONNULL = YES;
				CLANG_ANALYZER_NUMBER_OBJECT_CONVERSION = YES_AGGRESSIVE;
				CLANG_CXX_LANGUAGE_STANDARD = "gnu++20";
				CLANG_ENABLE_MODULES = YES;
				CLANG_ENABLE_OBJC_ARC = YES;
				CLANG_ENABLE_OBJC_WEAK = YES;
				CLANG_WARN_BLOCK_CAPTURE_AUTORELEASING = YES;
				CLANG_WARN_BOOL_CONVERSION = YES;
				CLANG_WARN_COMMA = YES;
				CLANG_WARN_CONSTANT_CONVERSION = YES;
				CLANG_WARN_DEPRECATED_OBJC_IMPLEMENTATIONS = YES;
				CLANG_WARN_DIRECT_OBJC_ISA_USAGE = YES_ERROR;
				CLANG_WARN_DOCUMENTATION_COMMENTS = YES;
				CLANG_WARN_EMPTY_BODY = YES;
				CLANG_WARN_ENUM_CONVERSION = YES;
				CLANG_WARN_INFINITE_RECURSION = YES;
				CLANG_WARN_INT_CONVERSION = YES;
				CLANG_WARN_NON_LITERAL_NULL_CONVERSION = YES;
				CLANG_WARN_OBJC_IMPLICIT_RETAIN_SELF = YES;
				CLANG_WARN_OBJC_LITERAL_CONVERSION = YES;
				CLANG_WARN_OBJC_ROOT_CLASS = YES_ERROR;
				CLANG_WARN_QUOTED_INCLUDE_IN_FRAMEWORK_HEADER = YES;
				CLANG_WARN_RANGE_LOOP_ANALYSIS = YES;
				CLANG_WARN_STRICT_PROTOTYPES = YES;
				CLANG_WARN_SUSPICIOUS_MOVE = YES;
				CLANG_WARN_UNGUARDED_AVAILABILITY = YES_AGGRESSIVE;
				CLANG_WARN_UNREACHABLE_CODE = YES;
				CLANG_WARN__DUPLICATE_METHOD_MATCH = YES;
				COPY_PHASE_STRIP = NO;
				DEBUG_INFORMATION_FORMAT = dwarf;
				ENABLE_STRICT_OBJC_MSGSEND = YES;
				ENABLE_TESTABILITY = YES;
				ENABLE_USER_SCRIPT_SANDBOXING = YES;
				GCC_C_LANGUAGE_STANDARD = gnu17;
				GCC_DYNAMIC_NO_PIC = NO;
				GCC_NO_COMMON_BLOCKS = YES;
				GCC_OPTIMIZATION_LEVEL = 0;
				GCC_PREPROCESSOR_DEFINITIONS = (
					"DEBUG=1",
					"$(inherited)",
				);
				GCC_WARN_64_TO_32_BIT_CONVERSION = YES;
				GCC_WARN_ABOUT_RETURN_TYPE = YES_ERROR;
				GCC_WARN_UNDECLARED_SELECTOR = YES;
				GCC_WARN_UNINITIALIZED_AUTOS = YES_AGGRESSIVE;
				GCC_WARN_UNUSED_FUNCTION = YES;
				GCC_WARN_UNUSED_VARIABLE = YES;
				IPHONEOS_DEPLOYMENT_TARGET = 17.2;
				LOCALIZATION_PREFERS_STRING_CATALOGS = YES;
				MTL_ENABLE_DEBUG_INFO = INCLUDE_SOURCE;
				MTL_FAST_MATH = YES;
				ONLY_ACTIVE_ARCH = YES;
				SDKROOT = iphoneos;
				SWIFT_ACTIVE_COMPILATION_CONDITIONS = "DEBUG $(inherited)";
				SWIFT_OPTIMIZATION_LEVEL = "-Onone";
			};
			name = Debug;
		};
		5E1CA9112B8CCA9800FBBAEF /* Release */ = {
			isa = XCBuildConfiguration;
			buildSettings = {
				ALWAYS_SEARCH_USER_PATHS = NO;
				ASSETCATALOG_COMPILER_GENERATE_SWIFT_ASSET_SYMBOL_EXTENSIONS = YES;
				CLANG_ANALYZER_NONNULL = YES;
				CLANG_ANALYZER_NUMBER_OBJECT_CONVERSION = YES_AGGRESSIVE;
				CLANG_CXX_LANGUAGE_STANDARD = "gnu++20";
				CLANG_ENABLE_MODULES = YES;
				CLANG_ENABLE_OBJC_ARC = YES;
				CLANG_ENABLE_OBJC_WEAK = YES;
				CLANG_WARN_BLOCK_CAPTURE_AUTORELEASING = YES;
				CLANG_WARN_BOOL_CONVERSION = YES;
				CLANG_WARN_COMMA = YES;
				CLANG_WARN_CONSTANT_CONVERSION = YES;
				CLANG_WARN_DEPRECATED_OBJC_IMPLEMENTATIONS = YES;
				CLANG_WARN_DIRECT_OBJC_ISA_USAGE = YES_ERROR;
				CLANG_WARN_DOCUMENTATION_COMMENTS = YES;
				CLANG_WARN_EMPTY_BODY = YES;
				CLANG_WARN_ENUM_CONVERSION = YES;
				CLANG_WARN_INFINITE_RECURSION = YES;
				CLANG_WARN_INT_CONVERSION = YES;
				CLANG_WARN_NON_LITERAL_NULL_CONVERSION = YES;
				CLANG_WARN_OBJC_IMPLICIT_RETAIN_SELF = YES;
				CLANG_WARN_OBJC_LITERAL_CONVERSION = YES;
				CLANG_WARN_OBJC_ROOT_CLASS = YES_ERROR;
				CLANG_WARN_QUOTED_INCLUDE_IN_FRAMEWORK_HEADER = YES;
				CLANG_WARN_RANGE_LOOP_ANALYSIS = YES;
				CLANG_WARN_STRICT_PROTOTYPES = YES;
				CLANG_WARN_SUSPICIOUS_MOVE = YES;
				CLANG_WARN_UNGUARDED_AVAILABILITY = YES_AGGRESSIVE;
				CLANG_WARN_UNREACHABLE_CODE = YES;
				CLANG_WARN__DUPLICATE_METHOD_MATCH = YES;
				COPY_PHASE_STRIP = NO;
				DEBUG_INFORMATION_FORMAT = "dwarf-with-dsym";
				ENABLE_NS_ASSERTIONS = NO;
				ENABLE_STRICT_OBJC_MSGSEND = YES;
				ENABLE_USER_SCRIPT_SANDBOXING = YES;
				GCC_C_LANGUAGE_STANDARD = gnu17;
				GCC_NO_COMMON_BLOCKS = YES;
				GCC_WARN_64_TO_32_BIT_CONVERSION = YES;
				GCC_WARN_ABOUT_RETURN_TYPE = YES_ERROR;
				GCC_WARN_UNDECLARED_SELECTOR = YES;
				GCC_WARN_UNINITIALIZED_AUTOS = YES_AGGRESSIVE;
				GCC_WARN_UNUSED_FUNCTION = YES;
				GCC_WARN_UNUSED_VARIABLE = YES;
				IPHONEOS_DEPLOYMENT_TARGET = 17.2;
				LOCALIZATION_PREFERS_STRING_CATALOGS = YES;
				MTL_ENABLE_DEBUG_INFO = NO;
				MTL_FAST_MATH = YES;
				SDKROOT = iphoneos;
				SWIFT_COMPILATION_MODE = wholemodule;
				VALIDATE_PRODUCT = YES;
			};
			name = Release;
		};
		5E1CA9132B8CCA9800FBBAEF /* Debug */ = {
			isa = XCBuildConfiguration;
			buildSettings = {
				ASSETCATALOG_COMPILER_APPICON_NAME = AppIcon;
				ASSETCATALOG_COMPILER_GLOBAL_ACCENT_COLOR_NAME = AccentColor;
				CODE_SIGN_STYLE = Automatic;
				CURRENT_PROJECT_VERSION = 1;
				DEVELOPMENT_ASSET_PATHS = "\"Spend Sense/Preview Content\"";
				DEVELOPMENT_TEAM = 5H4L2XMW7V;
				ENABLE_PREVIEWS = YES;
				GENERATE_INFOPLIST_FILE = YES;
				INFOPLIST_KEY_UIApplicationSceneManifest_Generation = YES;
				INFOPLIST_KEY_UIApplicationSupportsIndirectInputEvents = YES;
				INFOPLIST_KEY_UILaunchScreen_Generation = YES;
				INFOPLIST_KEY_UISupportedInterfaceOrientations_iPad = "UIInterfaceOrientationPortrait UIInterfaceOrientationPortraitUpsideDown UIInterfaceOrientationLandscapeLeft UIInterfaceOrientationLandscapeRight";
				INFOPLIST_KEY_UISupportedInterfaceOrientations_iPhone = "UIInterfaceOrientationPortrait UIInterfaceOrientationLandscapeLeft UIInterfaceOrientationLandscapeRight";
				LD_RUNPATH_SEARCH_PATHS = (
					"$(inherited)",
					"@executable_path/Frameworks",
				);
				MARKETING_VERSION = 1.0;
				PRODUCT_BUNDLE_IDENTIFIER = "com.kuba.Spend-Sense";
				PRODUCT_NAME = "$(TARGET_NAME)";
				SWIFT_EMIT_LOC_STRINGS = YES;
				SWIFT_VERSION = 5.0;
				TARGETED_DEVICE_FAMILY = "1,2";
			};
			name = Debug;
		};
		5E1CA9142B8CCA9800FBBAEF /* Release */ = {
			isa = XCBuildConfiguration;
			buildSettings = {
				ASSETCATALOG_COMPILER_APPICON_NAME = AppIcon;
				ASSETCATALOG_COMPILER_GLOBAL_ACCENT_COLOR_NAME = AccentColor;
				CODE_SIGN_STYLE = Automatic;
				CURRENT_PROJECT_VERSION = 1;
				DEVELOPMENT_ASSET_PATHS = "\"Spend Sense/Preview Content\"";
				DEVELOPMENT_TEAM = 5H4L2XMW7V;
				ENABLE_PREVIEWS = YES;
				GENERATE_INFOPLIST_FILE = YES;
				INFOPLIST_KEY_UIApplicationSceneManifest_Generation = YES;
				INFOPLIST_KEY_UIApplicationSupportsIndirectInputEvents = YES;
				INFOPLIST_KEY_UILaunchScreen_Generation = YES;
				INFOPLIST_KEY_UISupportedInterfaceOrientations_iPad = "UIInterfaceOrientationPortrait UIInterfaceOrientationPortraitUpsideDown UIInterfaceOrientationLandscapeLeft UIInterfaceOrientationLandscapeRight";
				INFOPLIST_KEY_UISupportedInterfaceOrientations_iPhone = "UIInterfaceOrientationPortrait UIInterfaceOrientationLandscapeLeft UIInterfaceOrientationLandscapeRight";
				LD_RUNPATH_SEARCH_PATHS = (
					"$(inherited)",
					"@executable_path/Frameworks",
				);
				MARKETING_VERSION = 1.0;
				PRODUCT_BUNDLE_IDENTIFIER = "com.kuba.Spend-Sense";
				PRODUCT_NAME = "$(TARGET_NAME)";
				SWIFT_EMIT_LOC_STRINGS = YES;
				SWIFT_VERSION = 5.0;
				TARGETED_DEVICE_FAMILY = "1,2";
			};
			name = Release;
		};
/* End XCBuildConfiguration section */

/* Begin XCConfigurationList section */
		5E1CA8FF2B8CCA9700FBBAEF /* Build configuration list for PBXProject "Spend Sense" */ = {
			isa = XCConfigurationList;
			buildConfigurations = (
				5E1CA9102B8CCA9800FBBAEF /* Debug */,
				5E1CA9112B8CCA9800FBBAEF /* Release */,
			);
			defaultConfigurationIsVisible = 0;
			defaultConfigurationName = Release;
		};
		5E1CA9122B8CCA9800FBBAEF /* Build configuration list for PBXNativeTarget "Spend Sense" */ = {
			isa = XCConfigurationList;
			buildConfigurations = (
				5E1CA9132B8CCA9800FBBAEF /* Debug */,
				5E1CA9142B8CCA9800FBBAEF /* Release */,
			);
			defaultConfigurationIsVisible = 0;
			defaultConfigurationName = Release;
		};
/* End XCConfigurationList section */
	};
	rootObject = 5E1CA8FC2B8CCA9700FBBAEF /* Project object */;
}
